{
  "requires": true,
  "lockfileVersion": 1,
  "dependencies": {
    "@types/faker": {
      "version": "5.5.9",
      "resolved": "https://registry.npmjs.org/@types/faker/-/faker-5.5.9.tgz",
      "integrity": "sha512-uCx6mP3UY5SIO14XlspxsGjgaemrxpssJI0Ol+GfhxtcKpv9pgRZYsS4eeKeHVLje6Qtc8lGszuBI461+gVZBA=="
    },
    "@types/google.maps": {
      "version": "3.49.2",
      "resolved": "https://registry.npmjs.org/@types/google.maps/-/google.maps-3.49.2.tgz",
      "integrity": "sha512-ZO1qWciukqED9qcUNW7OaPXWnTlT+tO3WcYkmudZyQW2BqD7TlMFRrdqSCoqfwKhERCwBA5A/YZt/g5A3BqgLQ=="
    },
    "faker": {
      "version": "5.5.3",
      "resolved": "https://registry.npmjs.org/faker/-/faker-5.5.3.tgz",
      "integrity": "sha512-wLTv2a28wjUyWkbnX7u/ABZBkUkIF2fCd73V6P2oFqEGEktDfzWx4UxrSqtPRw0xPRAcjeAOIiJWqZm3pP4u3g=="
    },
    "typescript": {
      "version": "4.7.4",
      "resolved": "https://registry.npmjs.org/typescript/-/typescript-4.7.4.tgz",
      "integrity": "sha512-C0WQT0gezHuw6AdY1M2jxUO83Rjf0HP7Sk1DtXj6j1EwkQNZrHAg2XPWlq62oqEhYvONq5pkC2Y9oPljWToLmQ==",
      "dev": true
    }
  }
}
